
Microsoft Visual Studio Solution File, Format Version 12.00
# Visual Studio Version 16
VisualStudioVersion = 16.0.31729.503
MinimumVisualStudioVersion = 10.0.40219.1
Project("{FAE04EC0-301F-11D3-BF4B-00C04F79EFBC}") = "CykelStaden.Android", "CykelStaden\CykelStaden.Android\CykelStaden.Android.csproj", "{79759383-F82B-46A5-A9A9-A68BCAD56703}"
EndProject
Project("{FAE04EC0-301F-11D3-BF4B-00C04F79EFBC}") = "CykelStaden.iOS", "CykelStaden\CykelStaden.iOS\CykelStaden.iOS.csproj", "{6DDF19FE-C48E-4D1F-BE20-43B978C65197}"
EndProject
Project("{FAE04EC0-301F-11D3-BF4B-00C04F79EFBC}") = "CykelStaden", "CykelStaden\CykelStaden\CykelStaden.csproj", "{5C182D4C-8652-4335-91E9-01ADCD7A4193}"
EndProject
Global
	GlobalSection(SolutionConfigurationPlatforms) = preSolution
		Debug|Any CPU = Debug|Any CPU
		Debug|iPhone = Debug|iPhone
		Debug|iPhoneSimulator = Debug|iPhoneSimulator
		Release|Any CPU = Release|Any CPU
		Release|iPhone = Release|iPhone
		Release|iPhoneSimulator = Release|iPhoneSimulator
	EndGlobalSection
	GlobalSection(ProjectConfigurationPlatforms) = postSolution
		{79759383-F82B-46A5-A9A9-A68BCAD56703}.Debug|Any CPU.ActiveCfg = Debug|Any CPU
		{79759383-F82B-46A5-A9A9-A68BCAD56703}.Debug|Any CPU.Build.0 = Debug|Any CPU
		{79759383-F82B-46A5-A9A9-A68BCAD56703}.Debug|Any CPU.Deploy.0 = Debug|Any CPU
		{79759383-F82B-46A5-A9A9-A68BCAD56703}.Debug|iPhone.ActiveCfg = Debug|Any CPU
		{79759383-F82B-46A5-A9A9-A68BCAD56703}.Debug|iPhone.Build.0 = Debug|Any CPU
		{79759383-F82B-46A5-A9A9-A68BCAD56703}.Debug|iPhone.Deploy.0 = Debug|Any CPU
		{79759383-F82B-46A5-A9A9-A68BCAD56703}.Debug|iPhoneSimulator.ActiveCfg = Debug|Any CPU
		{79759383-F82B-46A5-A9A9-A68BCAD56703}.Debug|iPhoneSimulator.Build.0 = Debug|Any CPU
		{79759383-F82B-46A5-A9A9-A68BCAD56703}.Debug|iPhoneSimulator.Deploy.0 = Debug|Any CPU
		{79759383-F82B-46A5-A9A9-A68BCAD56703}.Release|Any CPU.ActiveCfg = Release|Any CPU
		{79759383-F82B-46A5-A9A9-A68BCAD56703}.Release|Any CPU.Build.0 = Release|Any CPU
		{79759383-F82B-46A5-A9A9-A68BCAD56703}.Release|Any CPU.Deploy.0 = Release|Any CPU
		{79759383-F82B-46A5-A9A9-A68BCAD56703}.Release|iPhone.ActiveCfg = Release|Any CPU
		{79759383-F82B-46A5-A9A9-A68BCAD56703}.Release|iPhone.Build.0 = Release|Any CPU
		{79759383-F82B-46A5-A9A9-A68BCAD56703}.Release|iPhone.Deploy.0 = Release|Any CPU
		{79759383-F82B-46A5-A9A9-A68BCAD56703}.Release|iPhoneSimulator.ActiveCfg = Release|Any CPU
		{79759383-F82B-46A5-A9A9-A68BCAD56703}.Release|iPhoneSimulator.Build.0 = Release|Any CPU
		{79759383-F82B-46A5-A9A9-A68BCAD56703}.Release|iPhoneSimulator.Deploy.0 = Release|Any CPU
		{6DDF19FE-C48E-4D1F-BE20-43B978C65197}.Debug|Any CPU.ActiveCfg = Debug|iPhone
		{6DDF19FE-C48E-4D1F-BE20-43B978C65197}.Debug|Any CPU.Build.0 = Debug|iPhone
		{6DDF19FE-C48E-4D1F-BE20-43B978C65197}.Debug|Any CPU.Deploy.0 = Debug|iPhone
		{6DDF19FE-C48E-4D1F-BE20-43B978C65197}.Debug|iPhone.ActiveCfg = Debug|iPhone
		{6DDF19FE-C48E-4D1F-BE20-43B978C65197}.Debug|iPhone.Build.0 = Debug|iPhone
		{6DDF19FE-C48E-4D1F-BE20-43B978C65197}.Debug|iPhone.Deploy.0 = Debug|iPhone
		{6DDF19FE-C48E-4D1F-BE20-43B978C65197}.Debug|iPhoneSimulator.ActiveCfg = Debug|iPhoneSimulator
		{6DDF19FE-C48E-4D1F-BE20-43B978C65197}.Debug|iPhoneSimulator.Build.0 = Debug|iPhoneSimulator
		{6DDF19FE-C48E-4D1F-BE20-43B978C65197}.Debug|iPhoneSimulator.Deploy.0 = Debug|iPhoneSimulator
		{6DDF19FE-C48E-4D1F-BE20-43B978C65197}.Release|Any CPU.ActiveCfg = Release|iPhoneSimulator
		{6DDF19FE-C48E-4D1F-BE20-43B978C65197}.Release|Any CPU.Build.0 = Release|iPhoneSimulator
		{6DDF19FE-C48E-4D1F-BE20-43B978C65197}.Release|Any CPU.Deploy.0 = Release|iPhoneSimulator
		{6DDF19FE-C48E-4D1F-BE20-43B978C65197}.Release|iPhone.ActiveCfg = Release|iPhone
		{6DDF19FE-C48E-4D1F-BE20-43B978C65197}.Release|iPhone.Build.0 = Release|iPhone
		{6DDF19FE-C48E-4D1F-BE20-43B978C65197}.Release|iPhone.Deploy.0 = Release|iPhone
		{6DDF19FE-C48E-4D1F-BE20-43B978C65197}.Release|iPhoneSimulator.ActiveCfg = Release|iPhoneSimulator
		{6DDF19FE-C48E-4D1F-BE20-43B978C65197}.Release|iPhoneSimulator.Build.0 = Release|iPhoneSimulator
		{6DDF19FE-C48E-4D1F-BE20-43B978C65197}.Release|iPhoneSimulator.Deploy.0 = Release|iPhoneSimulator
		{5C182D4C-8652-4335-91E9-01ADCD7A4193}.Debug|Any CPU.ActiveCfg = Debug|Any CPU
		{5C182D4C-8652-4335-91E9-01ADCD7A4193}.Debug|Any CPU.Build.0 = Debug|Any CPU
		{5C182D4C-8652-4335-91E9-01ADCD7A4193}.Debug|Any CPU.Deploy.0 = Debug|Any CPU
		{5C182D4C-8652-4335-91E9-01ADCD7A4193}.Debug|iPhone.ActiveCfg = Debug|Any CPU
		{5C182D4C-8652-4335-91E9-01ADCD7A4193}.Debug|iPhone.Build.0 = Debug|Any CPU
		{5C182D4C-8652-4335-91E9-01ADCD7A4193}.Debug|iPhone.Deploy.0 = Debug|Any CPU
		{5C182D4C-8652-4335-91E9-01ADCD7A4193}.Debug|iPhoneSimulator.ActiveCfg = Debug|Any CPU
		{5C182D4C-8652-4335-91E9-01ADCD7A4193}.Debug|iPhoneSimulator.Build.0 = Debug|Any CPU
		{5C182D4C-8652-4335-91E9-01ADCD7A4193}.Debug|iPhoneSimulator.Deploy.0 = Debug|Any CPU
		{5C182D4C-8652-4335-91E9-01ADCD7A4193}.Release|Any CPU.ActiveCfg = Release|Any CPU
		{5C182D4C-8652-4335-91E9-01ADCD7A4193}.Release|Any CPU.Build.0 = Release|Any CPU
		{5C182D4C-8652-4335-91E9-01ADCD7A4193}.Release|Any CPU.Deploy.0 = Release|Any CPU
		{5C182D4C-8652-4335-91E9-01ADCD7A4193}.Release|iPhone.ActiveCfg = Release|Any CPU
		{5C182D4C-8652-4335-91E9-01ADCD7A4193}.Release|iPhone.Build.0 = Release|Any CPU
		{5C182D4C-8652-4335-91E9-01ADCD7A4193}.Release|iPhone.Deploy.0 = Release|Any CPU
		{5C182D4C-8652-4335-91E9-01ADCD7A4193}.Release|iPhoneSimulator.ActiveCfg = Release|Any CPU
		{5C182D4C-8652-4335-91E9-01ADCD7A4193}.Release|iPhoneSimulator.Build.0 = Release|Any CPU
		{5C182D4C-8652-4335-91E9-01ADCD7A4193}.Release|iPhoneSimulator.Deploy.0 = Release|Any CPU
	EndGlobalSection
	GlobalSection(SolutionProperties) = preSolution
		HideSolutionNode = FALSE
	EndGlobalSection
	GlobalSection(ExtensibilityGlobals) = postSolution
		SolutionGuid = {5F97E266-E998-4627-92C3-BF9838C94680}
	EndGlobalSection
EndGlobal
